// !$*UTF8*$!
{
	archiveVersion = 1;
	classes = {
	};
	objectVersion = 77;
	objects = {

/* Begin PBXContainerItemProxy section */
		F97C0A382E7B94D60072FDF9 /* PBXContainerItemProxy */ = {
			isa = PBXContainerItemProxy;
			containerPortal = F97C0A202E7B94D50072FDF9 /* Project object */;
			proxyType = 1;
			remoteGlobalIDString = F97C0A272E7B94D50072FDF9;
			remoteInfo = "penn-dining";
		};
		F97C0A422E7B94D60072FDF9 /* PBXContainerItemProxy */ = {
			isa = PBXContainerItemProxy;
			containerPortal = F97C0A202E7B94D50072FDF9 /* Project object */;
			proxyType = 1;
			remoteGlobalIDString = F97C0A272E7B94D50072FDF9;
			remoteInfo = "penn-dining";
		};
/* End PBXContainerItemProxy section */

/* Begin PBXFileReference section */
		F97C0A282E7B94D50072FDF9 /* penn-dining.app */ = {isa = PBXFileReference; explicitFileType = wrapper.application; includeInIndex = 0; path = "penn-dining.app"; sourceTree = BUILT_PRODUCTS_DIR; };
		F97C0A372E7B94D60072FDF9 /* penn-diningTests.xctest */ = {isa = PBXFileReference; explicitFileType = wrapper.cfbundle; includeInIndex = 0; path = "penn-diningTests.xctest"; sourceTree = BUILT_PRODUCTS_DIR; };
		F97C0A412E7B94D60072FDF9 /* penn-diningUITests.xctest */ = {isa = PBXFileReference; explicitFileType = wrapper.cfbundle; includeInIndex = 0; path = "penn-diningUITests.xctest"; sourceTree = BUILT_PRODUCTS_DIR; };
/* End PBXFileReference section */

/* Begin PBXFileSystemSynchronizedRootGroup section */
		F97C0A2A2E7B94D50072FDF9 /* penn-dining */ = {
			isa = PBXFileSystemSynchronizedRootGroup;
			path = "penn-dining";
			sourceTree = "<group>";
		};
		F97C0A3A2E7B94D60072FDF9 /* penn-diningTests */ = {
			isa = PBXFileSystemSynchronizedRootGroup;
			path = "penn-diningTests";
			sourceTree = "<group>";
		};
		F97C0A442E7B94D60072FDF9 /* penn-diningUITests */ = {
			isa = PBXFileSystemSynchronizedRootGroup;
			path = "penn-diningUITests";
			sourceTree = "<group>";
		};
/* End PBXFileSystemSynchronizedRootGroup section */

/* Begin PBXFrameworksBuildPhase section */
		F97C0A252E7B94D50072FDF9 /* Frameworks */ = {
			isa = PBXFrameworksBuildPhase;
			buildActionMask = 2147483647;
			files = (
			);
			runOnlyForDeploymentPostprocessing = 0;
		};
		F97C0A342E7B94D60072FDF9 /* Frameworks */ = {
			isa = PBXFrameworksBuildPhase;
			buildActionMask = 2147483647;
			files = (
			);
			runOnlyForDeploymentPostprocessing = 0;
		};
		F97C0A3E2E7B94D60072FDF9 /* Frameworks */ = {
			isa = PBXFrameworksBuildPhase;
			buildActionMask = 2147483647;
			files = (
			);
			runOnlyForDeploymentPostprocessing = 0;
		};
/* End PBXFrameworksBuildPhase section */

/* Begin PBXGroup section */
		F97C0A1F2E7B94D50072FDF9 = {
			isa = PBXGroup;
			children = (
				F97C0A2A2E7B94D50072FDF9 /* penn-dining */,
				F97C0A3A2E7B94D60072FDF9 /* penn-diningTests */,
				F97C0A442E7B94D60072FDF9 /* penn-diningUITests */,
				F97C0A292E7B94D50072FDF9 /* Products */,
			);
			sourceTree = "<group>";
		};
		F97C0A292E7B94D50072FDF9 /* Products */ = {
			isa = PBXGroup;
			children = (
				F97C0A282E7B94D50072FDF9 /* penn-dining.app */,
				F97C0A372E7B94D60072FDF9 /* penn-diningTests.xctest */,
				F97C0A412E7B94D60072FDF9 /* penn-diningUITests.xctest */,
			);
			name = Products;
			sourceTree = "<group>";
		};
/* End PBXGroup section */

/* Begin PBXNativeTarget section */
		F97C0A272E7B94D50072FDF9 /* penn-dining */ = {
			isa = PBXNativeTarget;
			buildConfigurationList = F97C0A4B2E7B94D60072FDF9 /* Build configuration list for PBXNativeTarget "penn-dining" */;
			buildPhases = (
				F97C0A242E7B94D50072FDF9 /* Sources */,
				F97C0A252E7B94D50072FDF9 /* Frameworks */,
				F97C0A262E7B94D50072FDF9 /* Resources */,
			);
			buildRules = (
			);
			dependencies = (
			);
			fileSystemSynchronizedGroups = (
				F97C0A2A2E7B94D50072FDF9 /* penn-dining */,
			);
			name = "penn-dining";
			packageProductDependencies = (
			);
			productName = "penn-dining";
			productReference = F97C0A282E7B94D50072FDF9 /* penn-dining.app */;
			productType = "com.apple.product-type.application";
		};
		F97C0A362E7B94D60072FDF9 /* penn-diningTests */ = {
			isa = PBXNativeTarget;
			buildConfigurationList = F97C0A4E2E7B94D60072FDF9 /* Build configuration list for PBXNativeTarget "penn-diningTests" */;
			buildPhases = (
				F97C0A332E7B94D60072FDF9 /* Sources */,
				F97C0A342E7B94D60072FDF9 /* Frameworks */,
				F97C0A352E7B94D60072FDF9 /* Resources */,
			);
			buildRules = (
			);
			dependencies = (
				F97C0A392E7B94D60072FDF9 /* PBXTargetDependency */,
			);
			fileSystemSynchronizedGroups = (
				F97C0A3A2E7B94D60072FDF9 /* penn-diningTests */,
			);
			name = "penn-diningTests";
			packageProductDependencies = (
			);
			productName = "penn-diningTests";
			productReference = F97C0A372E7B94D60072FDF9 /* penn-diningTests.xctest */;
			productType = "com.apple.product-type.bundle.unit-test";
		};
		F97C0A402E7B94D60072FDF9 /* penn-diningUITests */ = {
			isa = PBXNativeTarget;
			buildConfigurationList = F97C0A512E7B94D60072FDF9 /* Build configuration list for PBXNativeTarget "penn-diningUITests" */;
			buildPhases = (
				F97C0A3D2E7B94D60072FDF9 /* Sources */,
				F97C0A3E2E7B94D60072FDF9 /* Frameworks */,
				F97C0A3F2E7B94D60072FDF9 /* Resources */,
			);
			buildRules = (
			);
			dependencies = (
				F97C0A432E7B94D60072FDF9 /* PBXTargetDependency */,
			);
			fileSystemSynchronizedGroups = (
				F97C0A442E7B94D60072FDF9 /* penn-diningUITests */,
			);
			name = "penn-diningUITests";
			packageProductDependencies = (
			);
			productName = "penn-diningUITests";
			productReference = F97C0A412E7B94D60072FDF9 /* penn-diningUITests.xctest */;
			productType = "com.apple.product-type.bundle.ui-testing";
		};
/* End PBXNativeTarget section */

/* Begin PBXProject section */
		F97C0A202E7B94D50072FDF9 /* Project object */ = {
			isa = PBXProject;
			attributes = {
				BuildIndependentTargetsInParallel = 1;
				LastSwiftUpdateCheck = 1640;
				LastUpgradeCheck = 1640;
				TargetAttributes = {
					F97C0A272E7B94D50072FDF9 = {
						CreatedOnToolsVersion = 16.4;
					};
					F97C0A362E7B94D60072FDF9 = {
						CreatedOnToolsVersion = 16.4;
						TestTargetID = F97C0A272E7B94D50072FDF9;
					};
					F97C0A402E7B94D60072FDF9 = {
						CreatedOnToolsVersion = 16.4;
						TestTargetID = F97C0A272E7B94D50072FDF9;
					};
				};
			};
			buildConfigurationList = F97C0A232E7B94D50072FDF9 /* Build configuration list for PBXProject "penn-dining" */;
			developmentRegion = en;
			hasScannedForEncodings = 0;
			knownRegions = (
				en,
				Base,
			);
			mainGroup = F97C0A1F2E7B94D50072FDF9;
			minimizedProjectReferenceProxies = 1;
			preferredProjectObjectVersion = 77;
			productRefGroup = F97C0A292E7B94D50072FDF9 /* Products */;
			projectDirPath = "";
			projectRoot = "";
			targets = (
				F97C0A272E7B94D50072FDF9 /* penn-dining */,
				F97C0A362E7B94D60072FDF9 /* penn-diningTests */,
				F97C0A402E7B94D60072FDF9 /* penn-diningUITests */,
			);
		};
/* End PBXProject section */

/* Begin PBXResourcesBuildPhase section */
		F97C0A262E7B94D50072FDF9 /* Resources */ = {
			isa = PBXResourcesBuildPhase;
			buildActionMask = 2147483647;
			files = (
			);
			runOnlyForDeploymentPostprocessing = 0;
		};
		F97C0A352E7B94D60072FDF9 /* Resources */ = {
			isa = PBXResourcesBuildPhase;
			buildActionMask = 2147483647;
			files = (
			);
			runOnlyForDeploymentPostprocessing = 0;
		};
		F97C0A3F2E7B94D60072FDF9 /* Resources */ = {
			isa = PBXResourcesBuildPhase;
			buildActionMask = 2147483647;
			files = (
			);
			runOnlyForDeploymentPostprocessing = 0;
		};
/* End PBXResourcesBuildPhase section */

/* Begin PBXSourcesBuildPhase section */
		F97C0A242E7B94D50072FDF9 /* Sources */ = {
			isa = PBXSourcesBuildPhase;
			buildActionMask = 2147483647;
			files = (
			);
			runOnlyForDeploymentPostprocessing = 0;
		};
		F97C0A332E7B94D60072FDF9 /* Sources */ = {
			isa = PBXSourcesBuildPhase;
			buildActionMask = 2147483647;
			files = (
			);
			runOnlyForDeploymentPostprocessing = 0;
		};
		F97C0A3D2E7B94D60072FDF9 /* Sources */ = {
			isa = PBXSourcesBuildPhase;
			buildActionMask = 2147483647;
			files = (
			);
			runOnlyForDeploymentPostprocessing = 0;
		};
/* End PBXSourcesBuildPhase section */

/* Begin PBXTargetDependency section */
		F97C0A392E7B94D60072FDF9 /* PBXTargetDependency */ = {
			isa = PBXTargetDependency;
			target = F97C0A272E7B94D50072FDF9 /* penn-dining */;
			targetProxy = F97C0A382E7B94D60072FDF9 /* PBXContainerItemProxy */;
		};
		F97C0A432E7B94D60072FDF9 /* PBXTargetDependency */ = {
			isa = PBXTargetDependency;
			target = F97C0A272E7B94D50072FDF9 /* penn-dining */;
			targetProxy = F97C0A422E7B94D60072FDF9 /* PBXContainerItemProxy */;
		};
/* End PBXTargetDependency section */

/* Begin XCBuildConfiguration section */
		F97C0A492E7B94D60072FDF9 /* Debug */ = {
			isa = XCBuildConfiguration;
			buildSettings = {
				ALWAYS_SEARCH_USER_PATHS = NO;
				ASSETCATALOG_COMPILER_GENERATE_SWIFT_ASSET_SYMBOL_EXTENSIONS = YES;
				CLANG_ANALYZER_NONNULL = YES;
				CLANG_ANALYZER_NUMBER_OBJECT_CONVERSION = YES_AGGRESSIVE;
				CLANG_CXX_LANGUAGE_STANDARD = "gnu++20";
				CLANG_ENABLE_MODULES = YES;
				CLANG_ENABLE_OBJC_ARC = YES;
				CLANG_ENABLE_OBJC_WEAK = YES;
				CLANG_WARN_BLOCK_CAPTURE_AUTORELEASING = YES;
				CLANG_WARN_BOOL_CONVERSION = YES;
				CLANG_WARN_COMMA = YES;
				CLANG_WARN_CONSTANT_CONVERSION = YES;
				CLANG_WARN_DEPRECATED_OBJC_IMPLEMENTATIONS = YES;
				CLANG_WARN_DIRECT_OBJC_ISA_USAGE = YES_ERROR;
				CLANG_WARN_DOCUMENTATION_COMMENTS = YES;
				CLANG_WARN_EMPTY_BODY = YES;
				CLANG_WARN_ENUM_CONVERSION = YES;
				CLANG_WARN_INFINITE_RECURSION = YES;
				CLANG_WARN_INT_CONVERSION = YES;
				CLANG_WARN_NON_LITERAL_NULL_CONVERSION = YES;
				CLANG_WARN_OBJC_IMPLICIT_RETAIN_SELF = YES;
				CLANG_WARN_OBJC_LITERAL_CONVERSION = YES;
				CLANG_WARN_OBJC_ROOT_CLASS = YES_ERROR;
				CLANG_WARN_QUOTED_INCLUDE_IN_FRAMEWORK_HEADER = YES;
				CLANG_WARN_RANGE_LOOP_ANALYSIS = YES;
				CLANG_WARN_STRICT_PROTOTYPES = YES;
				CLANG_WARN_SUSPICIOUS_MOVE = YES;
				CLANG_WARN_UNGUARDED_AVAILABILITY = YES_AGGRESSIVE;
				CLANG_WARN_UNREACHABLE_CODE = YES;
				CLANG_WARN__DUPLICATE_METHOD_MATCH = YES;
				COPY_PHASE_STRIP = NO;
				DEBUG_INFORMATION_FORMAT = dwarf;
				ENABLE_STRICT_OBJC_MSGSEND = YES;
				ENABLE_TESTABILITY = YES;
				ENABLE_USER_SCRIPT_SANDBOXING = YES;
				GCC_C_LANGUAGE_STANDARD = gnu17;
				GCC_DYNAMIC_NO_PIC = NO;
				GCC_NO_COMMON_BLOCKS = YES;
				GCC_OPTIMIZATION_LEVEL = 0;
				GCC_PREPROCESSOR_DEFINITIONS = (
					"DEBUG=1",
					"$(inherited)",
				);
				GCC_WARN_64_TO_32_BIT_CONVERSION = YES;
				GCC_WARN_ABOUT_RETURN_TYPE = YES_ERROR;
				GCC_WARN_UNDECLARED_SELECTOR = YES;
				GCC_WARN_UNINITIALIZED_AUTOS = YES_AGGRESSIVE;
				GCC_WARN_UNUSED_FUNCTION = YES;
				GCC_WARN_UNUSED_VARIABLE = YES;
				IPHONEOS_DEPLOYMENT_TARGET = 18.5;
				LOCALIZATION_PREFERS_STRING_CATALOGS = YES;
				MTL_ENABLE_DEBUG_INFO = INCLUDE_SOURCE;
				MTL_FAST_MATH = YES;
				ONLY_ACTIVE_ARCH = YES;
				SDKROOT = iphoneos;
				SWIFT_ACTIVE_COMPILATION_CONDITIONS = "DEBUG $(inherited)";
				SWIFT_OPTIMIZATION_LEVEL = "-Onone";
			};
			name = Debug;
		};
		F97C0A4A2E7B94D60072FDF9 /* Release */ = {
			isa = XCBuildConfiguration;
			buildSettings = {
				ALWAYS_SEARCH_USER_PATHS = NO;
				ASSETCATALOG_COMPILER_GENERATE_SWIFT_ASSET_SYMBOL_EXTENSIONS = YES;
				CLANG_ANALYZER_NONNULL = YES;
				CLANG_ANALYZER_NUMBER_OBJECT_CONVERSION = YES_AGGRESSIVE;
				CLANG_CXX_LANGUAGE_STANDARD = "gnu++20";
				CLANG_ENABLE_MODULES = YES;
				CLANG_ENABLE_OBJC_ARC = YES;
				CLANG_ENABLE_OBJC_WEAK = YES;
				CLANG_WARN_BLOCK_CAPTURE_AUTORELEASING = YES;
				CLANG_WARN_BOOL_CONVERSION = YES;
				CLANG_WARN_COMMA = YES;
				CLANG_WARN_CONSTANT_CONVERSION = YES;
				CLANG_WARN_DEPRECATED_OBJC_IMPLEMENTATIONS = YES;
				CLANG_WARN_DIRECT_OBJC_ISA_USAGE = YES_ERROR;
				CLANG_WARN_DOCUMENTATION_COMMENTS = YES;
				CLANG_WARN_EMPTY_BODY = YES;
				CLANG_WARN_ENUM_CONVERSION = YES;
				CLANG_WARN_INFINITE_RECURSION = YES;
				CLANG_WARN_INT_CONVERSION = YES;
				CLANG_WARN_NON_LITERAL_NULL_CONVERSION = YES;
				CLANG_WARN_OBJC_IMPLICIT_RETAIN_SELF = YES;
				CLANG_WARN_OBJC_LITERAL_CONVERSION = YES;
				CLANG_WARN_OBJC_ROOT_CLASS = YES_ERROR;
				CLANG_WARN_QUOTED_INCLUDE_IN_FRAMEWORK_HEADER = YES;
				CLANG_WARN_RANGE_LOOP_ANALYSIS = YES;
				CLANG_WARN_STRICT_PROTOTYPES = YES;
				CLANG_WARN_SUSPICIOUS_MOVE = YES;
				CLANG_WARN_UNGUARDED_AVAILABILITY = YES_AGGRESSIVE;
				CLANG_WARN_UNREACHABLE_CODE = YES;
				CLANG_WARN__DUPLICATE_METHOD_MATCH = YES;
				COPY_PHASE_STRIP = NO;
				DEBUG_INFORMATION_FORMAT = "dwarf-with-dsym";
				ENABLE_NS_ASSERTIONS = NO;
				ENABLE_STRICT_OBJC_MSGSEND = YES;
				ENABLE_USER_SCRIPT_SANDBOXING = YES;
				GCC_C_LANGUAGE_STANDARD = gnu17;
				GCC_NO_COMMON_BLOCKS = YES;
				GCC_WARN_64_TO_32_BIT_CONVERSION = YES;
				GCC_WARN_ABOUT_RETURN_TYPE = YES_ERROR;
				GCC_WARN_UNDECLARED_SELECTOR = YES;
				GCC_WARN_UNINITIALIZED_AUTOS = YES_AGGRESSIVE;
				GCC_WARN_UNUSED_FUNCTION = YES;
				GCC_WARN_UNUSED_VARIABLE = YES;
				IPHONEOS_DEPLOYMENT_TARGET = 18.5;
				LOCALIZATION_PREFERS_STRING_CATALOGS = YES;
				MTL_ENABLE_DEBUG_INFO = NO;
				MTL_FAST_MATH = YES;
				SDKROOT = iphoneos;
				SWIFT_COMPILATION_MODE = wholemodule;
				VALIDATE_PRODUCT = YES;
			};
			name = Release;
		};
		F97C0A4C2E7B94D60072FDF9 /* Debug */ = {
			isa = XCBuildConfiguration;
			buildSettings = {
				ASSETCATALOG_COMPILER_APPICON_NAME = AppIcon;
				ASSETCATALOG_COMPILER_GLOBAL_ACCENT_COLOR_NAME = AccentColor;
				CODE_SIGN_IDENTITY = "Apple Development";
				CODE_SIGN_STYLE = Manual;
				CURRENT_PROJECT_VERSION = 1;
				DEVELOPMENT_TEAM = "";
				ENABLE_PREVIEWS = YES;
				GENERATE_INFOPLIST_FILE = YES;
				INFOPLIST_KEY_UIApplicationSceneManifest_Generation = YES;
				INFOPLIST_KEY_UIApplicationSupportsIndirectInputEvents = YES;
				INFOPLIST_KEY_UILaunchScreen_Generation = YES;
				INFOPLIST_KEY_UISupportedInterfaceOrientations_iPad = "UIInterfaceOrientationPortrait UIInterfaceOrientationPortraitUpsideDown UIInterfaceOrientationLandscapeLeft UIInterfaceOrientationLandscapeRight";
				INFOPLIST_KEY_UISupportedInterfaceOrientations_iPhone = "UIInterfaceOrientationPortrait UIInterfaceOrientationLandscapeLeft UIInterfaceOrientationLandscapeRight";
				LD_RUNPATH_SEARCH_PATHS = (
					"$(inherited)",
					"@executable_path/Frameworks",
				);
				MARKETING_VERSION = 1.0;
				PRODUCT_BUNDLE_IDENTIFIER = "ilove.penn-dining";
				PRODUCT_NAME = "$(TARGET_NAME)";
				PROVISIONING_PROFILE_SPECIFIER = "";
				SWIFT_EMIT_LOC_STRINGS = YES;
				SWIFT_VERSION = 5.0;
				TARGETED_DEVICE_FAMILY = "1,2";
			};
			name = Debug;
		};
		F97C0A4D2E7B94D60072FDF9 /* Release */ = {
			isa = XCBuildConfiguration;
			buildSettings = {
				ASSETCATALOG_COMPILER_APPICON_NAME = AppIcon;
				ASSETCATALOG_COMPILER_GLOBAL_ACCENT_COLOR_NAME = AccentColor;
				CODE_SIGN_IDENTITY = "Apple Development";
				CODE_SIGN_STYLE = Manual;
				CURRENT_PROJECT_VERSION = 1;
				DEVELOPMENT_TEAM = "";
				ENABLE_PREVIEWS = YES;
				GENERATE_INFOPLIST_FILE = YES;
				INFOPLIST_KEY_UIApplicationSceneManifest_Generation = YES;
				INFOPLIST_KEY_UIApplicationSupportsIndirectInputEvents = YES;
				INFOPLIST_KEY_UILaunchScreen_Generation = YES;
				INFOPLIST_KEY_UISupportedInterfaceOrientations_iPad = "UIInterfaceOrientationPortrait UIInterfaceOrientationPortraitUpsideDown UIInterfaceOrientationLandscapeLeft UIInterfaceOrientationLandscapeRight";
				INFOPLIST_KEY_UISupportedInterfaceOrientations_iPhone = "UIInterfaceOrientationPortrait UIInterfaceOrientationLandscapeLeft UIInterfaceOrientationLandscapeRight";
				LD_RUNPATH_SEARCH_PATHS = (
					"$(inherited)",
					"@executable_path/Frameworks",
				);
				MARKETING_VERSION = 1.0;
				PRODUCT_BUNDLE_IDENTIFIER = "ilove.penn-dining";
				PRODUCT_NAME = "$(TARGET_NAME)";
				PROVISIONING_PROFILE_SPECIFIER = "";
				SWIFT_EMIT_LOC_STRINGS = YES;
				SWIFT_VERSION = 5.0;
				TARGETED_DEVICE_FAMILY = "1,2";
			};
			name = Release;
		};
		F97C0A4F2E7B94D60072FDF9 /* Debug */ = {
			isa = XCBuildConfiguration;
			buildSettings = {
				BUNDLE_LOADER = "$(TEST_HOST)";
				CODE_SIGN_STYLE = Automatic;
				CURRENT_PROJECT_VERSION = 1;
				GENERATE_INFOPLIST_FILE = YES;
				IPHONEOS_DEPLOYMENT_TARGET = 18.5;
				MARKETING_VERSION = 1.0;
				PRODUCT_BUNDLE_IDENTIFIER = "ilove.penn-diningTests";
				PRODUCT_NAME = "$(TARGET_NAME)";
				SWIFT_EMIT_LOC_STRINGS = NO;
				SWIFT_VERSION = 5.0;
				TARGETED_DEVICE_FAMILY = "1,2";
				TEST_HOST = "$(BUILT_PRODUCTS_DIR)/penn-dining.app/$(BUNDLE_EXECUTABLE_FOLDER_PATH)/penn-dining";
			};
			name = Debug;
		};
		F97C0A502E7B94D60072FDF9 /* Release */ = {
			isa = XCBuildConfiguration;
			buildSettings = {
				BUNDLE_LOADER = "$(TEST_HOST)";
				CODE_SIGN_STYLE = Automatic;
				CURRENT_PROJECT_VERSION = 1;
				GENERATE_INFOPLIST_FILE = YES;
				IPHONEOS_DEPLOYMENT_TARGET = 18.5;
				MARKETING_VERSION = 1.0;
				PRODUCT_BUNDLE_IDENTIFIER = "ilove.penn-diningTests";
				PRODUCT_NAME = "$(TARGET_NAME)";
				SWIFT_EMIT_LOC_STRINGS = NO;
				SWIFT_VERSION = 5.0;
				TARGETED_DEVICE_FAMILY = "1,2";
				TEST_HOST = "$(BUILT_PRODUCTS_DIR)/penn-dining.app/$(BUNDLE_EXECUTABLE_FOLDER_PATH)/penn-dining";
			};
			name = Release;
		};
		F97C0A522E7B94D60072FDF9 /* Debug */ = {
			isa = XCBuildConfiguration;
			buildSettings = {
				CODE_SIGN_STYLE = Automatic;
				CURRENT_PROJECT_VERSION = 1;
				GENERATE_INFOPLIST_FILE = YES;
				MARKETING_VERSION = 1.0;
				PRODUCT_BUNDLE_IDENTIFIER = "ilove.penn-diningUITests";
				PRODUCT_NAME = "$(TARGET_NAME)";
				SWIFT_EMIT_LOC_STRINGS = NO;
				SWIFT_VERSION = 5.0;
				TARGETED_DEVICE_FAMILY = "1,2";
				TEST_TARGET_NAME = "penn-dining";
			};
			name = Debug;
		};
		F97C0A532E7B94D60072FDF9 /* Release */ = {
			isa = XCBuildConfiguration;
			buildSettings = {
				CODE_SIGN_STYLE = Automatic;
				CURRENT_PROJECT_VERSION = 1;
				GENERATE_INFOPLIST_FILE = YES;
				MARKETING_VERSION = 1.0;
				PRODUCT_BUNDLE_IDENTIFIER = "ilove.penn-diningUITests";
				PRODUCT_NAME = "$(TARGET_NAME)";
				SWIFT_EMIT_LOC_STRINGS = NO;
				SWIFT_VERSION = 5.0;
				TARGETED_DEVICE_FAMILY = "1,2";
				TEST_TARGET_NAME = "penn-dining";
			};
			name = Release;
		};
/* End XCBuildConfiguration section */

/* Begin XCConfigurationList section */
		F97C0A232E7B94D50072FDF9 /* Build configuration list for PBXProject "penn-dining" */ = {
			isa = XCConfigurationList;
			buildConfigurations = (
				F97C0A492E7B94D60072FDF9 /* Debug */,
				F97C0A4A2E7B94D60072FDF9 /* Release */,
			);
			defaultConfigurationIsVisible = 0;
			defaultConfigurationName = Release;
		};
		F97C0A4B2E7B94D60072FDF9 /* Build configuration list for PBXNativeTarget "penn-dining" */ = {
			isa = XCConfigurationList;
			buildConfigurations = (
				F97C0A4C2E7B94D60072FDF9 /* Debug */,
				F97C0A4D2E7B94D60072FDF9 /* Release */,
			);
			defaultConfigurationIsVisible = 0;
			defaultConfigurationName = Release;
		};
		F97C0A4E2E7B94D60072FDF9 /* Build configuration list for PBXNativeTarget "penn-diningTests" */ = {
			isa = XCConfigurationList;
			buildConfigurations = (
				F97C0A4F2E7B94D60072FDF9 /* Debug */,
				F97C0A502E7B94D60072FDF9 /* Release */,
			);
			defaultConfigurationIsVisible = 0;
			defaultConfigurationName = Release;
		};
		F97C0A512E7B94D60072FDF9 /* Build configuration list for PBXNativeTarget "penn-diningUITests" */ = {
			isa = XCConfigurationList;
			buildConfigurations = (
				F97C0A522E7B94D60072FDF9 /* Debug */,
				F97C0A532E7B94D60072FDF9 /* Release */,
			);
			defaultConfigurationIsVisible = 0;
			defaultConfigurationName = Release;
		};
/* End XCConfigurationList section */
	};
	rootObject = F97C0A202E7B94D50072FDF9 /* Project object */;
}
